<?xml version="1.0" encoding="utf-8"?>
<Project ToolsVersion="4.0" xmlns="http://schemas.microsoft.com/developer/msbuild/2003">
  <ItemGroup>
    <Filter Include="Source Files">
      <UniqueIdentifier>{4FC737F1-C7A5-4376-A066-2A32D752A2FF}</UniqueIdentifier>
      <Extensions>cpp;c;cc;cxx;c++;cppm;ixx;def;odl;idl;hpj;bat;asm;asmx</Extensions>
    </Filter>
    <Filter Include="Header Files">
      <UniqueIdentifier>{93995380-89BD-4b04-88EB-625FBE52EBFB}</UniqueIdentifier>
      <Extensions>h;hh;hpp;hxx;h++;hm;inl;inc;ipp;xsd</Extensions>
    </Filter>
    <Filter Include="Resource Files">
      <UniqueIdentifier>{67DA6AB6-F800-4c08-8B7A-83BB121AAD01}</UniqueIdentifier>
      <Extensions>rc;ico;cur;bmp;dlg;rc2;rct;bin;rgs;gif;jpg;jpeg;jpe;resx;tiff;tif;png;wav;mfcribbon-ms</Extensions>
    </Filter>
    <Filter Include="Header Files\Components">
      <UniqueIdentifier>{b0f5bb44-4eed-4257-a459-c2a20c74edc0}</UniqueIdentifier>
    </Filter>
    <Filter Include="Header Files\Prefabs">
      <UniqueIdentifier>{8ba6cf2a-9015-4826-a8b6-4269b6f8671e}</UniqueIdentifier>
    </Filter>
    <Filter Include="Header Files\Scenes">
      <UniqueIdentifier>{bb42d034-0ad7-484a-8062-c42513007c9e}</UniqueIdentifier>
    </Filter>
    <Filter Include="Source Files\Components">
      <UniqueIdentifier>{f3e13055-b215-4a6a-92c9-3f77e831c420}</UniqueIdentifier>
    </Filter>
    <Filter Include="Source Files\Scenes">
      <UniqueIdentifier>{55b1c8ee-52ac-4fb0-9e0b-dd70700632e9}</UniqueIdentifier>
    </Filter>
    <Filter Include="Source Files\Prefabs">
      <UniqueIdentifier>{6b0b0fca-73a8-415b-a782-16ef74212e27}</UniqueIdentifier>
    </Filter>
    <Filter Include="Source Files\Engine">
      <UniqueIdentifier>{d0edeade-88a6-45ec-bec7-c0f55717366e}</UniqueIdentifier>
    </Filter>
    <Filter Include="Header Files\Engine">
      <UniqueIdentifier>{edc223b8-64f7-457c-a6ab-845a2e48f45c}</UniqueIdentifier>
    </Filter>
    <Filter Include="Header Files\Engine\Colliders">
      <UniqueIdentifier>{db71de4b-ca4b-476b-924d-9f30d4b98ad3}</UniqueIdentifier>
    </Filter>
    <Filter Include="Source Files\Engine\Colliders">
      <UniqueIdentifier>{ff690b34-4d57-4c95-a515-d7744fffd5bc}</UniqueIdentifier>
    </Filter>
    <Filter Include="Resource Files\Shaders">
      <UniqueIdentifier>{8a3aa6eb-edc6-48fe-ad9d-98c197a190aa}</UniqueIdentifier>
    </Filter>
    <Filter Include="Source Files\Prefabs\EmptyRooms">
      <UniqueIdentifier>{8dd4b3f5-f0d5-4acf-8743-3256fea7eb2c}</UniqueIdentifier>
    </Filter>
    <Filter Include="Header Files\Other">
      <UniqueIdentifier>{81901913-b56d-4c65-aa8b-aa416ba1a3d6}</UniqueIdentifier>
    </Filter>
    <Filter Include="Source Files\Other">
      <UniqueIdentifier>{b15fd00b-6744-4ddb-9919-b635e1351152}</UniqueIdentifier>
    </Filter>
    <Filter Include="Header Files\Prefabs\EmptyRooms">
      <UniqueIdentifier>{c78913bd-bdec-4d86-8d3f-f2337e83ed1d}</UniqueIdentifier>
    </Filter>
    <Filter Include="Source Files\Prefabs\Decorations">
      <UniqueIdentifier>{cd08a49f-3d2e-4c8c-ae09-9e676fdda28f}</UniqueIdentifier>
    </Filter>
    <Filter Include="Header Files\Prefabs\Decorations">
      <UniqueIdentifier>{409b5902-ca7e-4ce6-b6dc-5c05c5e867fa}</UniqueIdentifier>
    </Filter>
    <Filter Include="Source Files\Prefabs\Other">
      <UniqueIdentifier>{07f56e90-d3e5-4cc5-97dc-a829119bf0d0}</UniqueIdentifier>
    </Filter>
    <Filter Include="Header Files\Prefabs\Other">
      <UniqueIdentifier>{24d638da-6313-4db9-822e-ab3b2095626b}</UniqueIdentifier>
    </Filter>
    <Filter Include="Header Files\Prefabs\Player">
      <UniqueIdentifier>{e9e11186-68f2-4dad-a0bf-6c57fc236ee0}</UniqueIdentifier>
    </Filter>
    <Filter Include="Source Files\Prefabs\Player">
      <UniqueIdentifier>{00124236-2fe3-481e-8a65-bd08c64a08fe}</UniqueIdentifier>
    </Filter>
    <Filter Include="Source Files\Prefabs\Decorations\Pillars">
      <UniqueIdentifier>{8b922dca-f17e-4846-8cee-8a48ae4d7753}</UniqueIdentifier>
    </Filter>
    <Filter Include="Source Files\Prefabs\Decorations\Floors">
      <UniqueIdentifier>{31fb9ab8-8967-4a5d-bbd2-11d59f1cd235}</UniqueIdentifier>
    </Filter>
    <Filter Include="Header Files\Prefabs\Decorations\Pillars">
      <UniqueIdentifier>{fabc6d80-8234-422d-ac31-9c31bdb3b05b}</UniqueIdentifier>
    </Filter>
    <Filter Include="Header Files\Prefabs\Decorations\Floors">
      <UniqueIdentifier>{e32cde0e-a661-4478-9b62-15e326ead8b3}</UniqueIdentifier>
    </Filter>
    <Filter Include="Header Files\Other\GameData">
      <UniqueIdentifier>{9b36b85f-856d-43e9-a7b8-26099972f18f}</UniqueIdentifier>
    </Filter>
    <Filter Include="Source Files\Other\GameData">
      <UniqueIdentifier>{cbec6280-581e-4fc0-ac6d-13cab29aeee6}</UniqueIdentifier>
    </Filter>
    <Filter Include="Source Files\Other\RoomFactories">
      <UniqueIdentifier>{75e0ec20-86e5-4e75-9d31-85bce886b59e}</UniqueIdentifier>
    </Filter>
    <Filter Include="Header Files\Other\RoomFactories">
      <UniqueIdentifier>{6f531d56-db9e-4129-bcc1-1a4e589040d6}</UniqueIdentifier>
    </Filter>
    <Filter Include="Source Files\Components\Buttons">
      <UniqueIdentifier>{32b640e3-1670-4382-880d-af5a7dc2d5ac}</UniqueIdentifier>
    </Filter>
    <Filter Include="Source Files\Components\Renderers">
      <UniqueIdentifier>{e16a2e64-7b40-4c9b-9fe3-daaeab9a282f}</UniqueIdentifier>
    </Filter>
    <Filter Include="Header Files\Components\Buttons">
      <UniqueIdentifier>{84ba53dd-7719-423b-8dde-ffa31586c3cf}</UniqueIdentifier>
    </Filter>
    <Filter Include="Header Files\Components\Renderers">
      <UniqueIdentifier>{bc7fe9d1-3721-4aac-8a74-29019cb1075a}</UniqueIdentifier>
    </Filter>
    <Filter Include="Source Files\Prefabs\UI">
      <UniqueIdentifier>{dbcf0336-3d2c-4364-8188-26843f86f370}</UniqueIdentifier>
    </Filter>
    <Filter Include="Header Files\Prefabs\UI">
      <UniqueIdentifier>{414c5a73-5f28-49cc-a55e-d0a4b45f862d}</UniqueIdentifier>
    </Filter>
    <Filter Include="Header Files\Components\Interactables">
      <UniqueIdentifier>{043a5dca-3f19-4e0a-9415-761fa43987fc}</UniqueIdentifier>
    </Filter>
    <Filter Include="Header Files\Components\Managers">
      <UniqueIdentifier>{2caf1267-ceb5-4d70-87db-4b9ac421f850}</UniqueIdentifier>
    </Filter>
    <Filter Include="Source Files\Components\Interactables">
      <UniqueIdentifier>{ca1eef48-fb4b-46f9-a2ac-d67ca58c7c2a}</UniqueIdentifier>
    </Filter>
    <Filter Include="Source Files\Components\Managers">
      <UniqueIdentifier>{86011938-ba7a-4e1f-b8dc-6886dbd50e89}</UniqueIdentifier>
    </Filter>
    <Filter Include="Header Files\Prefabs\Mimics">
      <UniqueIdentifier>{8530d92c-c224-458a-ade0-cf30f2d8728f}</UniqueIdentifier>
    </Filter>
    <Filter Include="Source Files\Prefabs\Mimics">
      <UniqueIdentifier>{1c8eb571-7a15-450a-be83-822ce80b2a0a}</UniqueIdentifier>
    </Filter>
    <Filter Include="Source Files\Prefabs\NormalRooms">
      <UniqueIdentifier>{0e4c15e3-0138-4d02-bced-f5a67a61cda1}</UniqueIdentifier>
    </Filter>
    <Filter Include="Source Files\Prefabs\NormalRooms\1Door">
      <UniqueIdentifier>{fd9cecc8-9b70-4123-bd26-05b8573ac366}</UniqueIdentifier>
    </Filter>
    <Filter Include="Source Files\Prefabs\NormalRooms\2Door-Straight">
      <UniqueIdentifier>{7496d4b9-a1c9-4585-8cdf-0f2e1c0df331}</UniqueIdentifier>
    </Filter>
    <Filter Include="Source Files\Prefabs\NormalRooms\3Door">
      <UniqueIdentifier>{d33b1ddb-1734-4a1c-9339-3db471f0ea2b}</UniqueIdentifier>
    </Filter>
    <Filter Include="Source Files\Prefabs\NormalRooms\2Door-Corner">
      <UniqueIdentifier>{6cb004b7-3db3-4167-ba9d-27dc38c8de90}</UniqueIdentifier>
    </Filter>
    <Filter Include="Source Files\Prefabs\TopFloorRooms">
      <UniqueIdentifier>{563ffd78-7497-4b3b-bd75-3a011bd37bc0}</UniqueIdentifier>
    </Filter>
    <Filter Include="Source Files\Prefabs\EntranceExitRooms">
      <UniqueIdentifier>{8a29d5ae-4f66-4c85-8a87-7126aa7d1eb9}</UniqueIdentifier>
    </Filter>
    <Filter Include="Source Files\Prefabs\EntranceExitRooms\1Door">
      <UniqueIdentifier>{a996d875-7247-4d41-8979-ecf882d88669}</UniqueIdentifier>
    </Filter>
    <Filter Include="Source Files\Prefabs\EntranceExitRooms\2Door-Corner">
      <UniqueIdentifier>{58f29a1d-1019-4776-a93e-d02a6100039e}</UniqueIdentifier>
    </Filter>
    <Filter Include="Source Files\Prefabs\EntranceExitRooms\2Door-Straight">
      <UniqueIdentifier>{2f6531a6-1e94-41a8-90bc-4f708175f134}</UniqueIdentifier>
    </Filter>
    <Filter Include="Source Files\Prefabs\EntranceExitRooms\3Door">
      <UniqueIdentifier>{831d92fe-55e4-49bf-8cee-fe8ef38a7f77}</UniqueIdentifier>
    </Filter>
    <Filter Include="Header Files\Prefabs\NormalRooms">
      <UniqueIdentifier>{30b607f6-a2a5-4963-9407-ffd517cce049}</UniqueIdentifier>
    </Filter>
    <Filter Include="Header Files\Prefabs\NormalRooms\1Door">
      <UniqueIdentifier>{08b5ba62-47e4-4d10-9cdb-fe0fb2e4645d}</UniqueIdentifier>
    </Filter>
    <Filter Include="Header Files\Prefabs\NormalRooms\2Door-Corner">
      <UniqueIdentifier>{c066b10e-7429-4b81-8c45-2716e4c6f531}</UniqueIdentifier>
    </Filter>
    <Filter Include="Header Files\Prefabs\NormalRooms\2Door-Straight">
      <UniqueIdentifier>{50cabe0b-6b5a-495f-b789-d6ca73ddc335}</UniqueIdentifier>
    </Filter>
    <Filter Include="Header Files\Prefabs\NormalRooms\3Door">
      <UniqueIdentifier>{af2b363a-a23b-4b46-a4be-e1dca2c9bee4}</UniqueIdentifier>
    </Filter>
    <Filter Include="Source Files\Prefabs\TopFloorRooms\1Door">
      <UniqueIdentifier>{bb23eb50-f326-40db-a637-f5b5f24c7362}</UniqueIdentifier>
    </Filter>
    <Filter Include="Source Files\Prefabs\TopFloorRooms\2Door-Corner">
      <UniqueIdentifier>{3c5d18fc-7cba-4715-a2da-214559750c65}</UniqueIdentifier>
    </Filter>
    <Filter Include="Source Files\Prefabs\TopFloorRooms\2Door-Straight">
      <UniqueIdentifier>{622b95e7-76e8-400a-ac08-631f1cd75a41}</UniqueIdentifier>
    </Filter>
    <Filter Include="Source Files\Prefabs\TopFloorRooms\3Door">
      <UniqueIdentifier>{bcefcefc-1b02-451b-addc-3d72f2663805}</UniqueIdentifier>
    </Filter>
    <Filter Include="Header Files\Prefabs\TopFloorRooms">
      <UniqueIdentifier>{b9b8f991-219e-4d55-94b5-9b0bbdd28808}</UniqueIdentifier>
    </Filter>
    <Filter Include="Header Files\Prefabs\EntranceExitRooms">
      <UniqueIdentifier>{06224622-ceaf-4f5b-9271-4935c397a868}</UniqueIdentifier>
    </Filter>
    <Filter Include="Header Files\Prefabs\TopFloorRooms\1Door">
      <UniqueIdentifier>{79275b42-e4e1-4efa-9336-536ea3c5069b}</UniqueIdentifier>
    </Filter>
    <Filter Include="Header Files\Prefabs\TopFloorRooms\2Door-Corner">
      <UniqueIdentifier>{17e9d9f6-13aa-45d7-940c-05d29d0ccdac}</UniqueIdentifier>
    </Filter>
    <Filter Include="Header Files\Prefabs\TopFloorRooms\2Door-Straight">
      <UniqueIdentifier>{551a18da-2028-4533-a475-8f171190c4b5}</UniqueIdentifier>
    </Filter>
    <Filter Include="Header Files\Prefabs\TopFloorRooms\3Door">
      <UniqueIdentifier>{a2dbc2f0-356d-427b-9291-97a2bf6294d4}</UniqueIdentifier>
    </Filter>
    <Filter Include="Header Files\Prefabs\EntranceExitRooms\1Door">
      <UniqueIdentifier>{47ae5a2e-6803-4154-85f9-a870a8d70fd9}</UniqueIdentifier>
    </Filter>
    <Filter Include="Header Files\Prefabs\EntranceExitRooms\2Door-Corner">
      <UniqueIdentifier>{373f2b02-7f4f-40ad-b0e2-afe6cd793f02}</UniqueIdentifier>
    </Filter>
    <Filter Include="Header Files\Prefabs\EntranceExitRooms\2Door-Straight">
      <UniqueIdentifier>{622f0710-c5ca-4036-bee4-5150a4d12f36}</UniqueIdentifier>
    </Filter>
    <Filter Include="Header Files\Prefabs\EntranceExitRooms\3Door">
      <UniqueIdentifier>{a3dc2157-4438-4ee1-96a8-75d9ad5555e9}</UniqueIdentifier>
    </Filter>
  </ItemGroup>
  <ItemGroup>
    <ClCompile Include="RigidBody.cpp">
      <Filter>Source Files\Components</Filter>
    </ClCompile>
    <ClCompile Include="PlayerController.cpp">
      <Filter>Source Files\Components</Filter>
    </ClCompile>
    <ClCompile Include="Camera.cpp">
      <Filter>Source Files\Engine</Filter>
    </ClCompile>
    <ClCompile Include="Entity.cpp">
      <Filter>Source Files\Engine</Filter>
    </ClCompile>
    <ClCompile Include="Input.cpp">
      <Filter>Source Files\Engine</Filter>
    </ClCompile>
    <ClCompile Include="Log.cpp">
      <Filter>Source Files\Engine</Filter>
    </ClCompile>
    <ClCompile Include="Mesh.cpp">
      <Filter>Source Files\Engine</Filter>
    </ClCompile>
    <ClCompile Include="Model.cpp">
      <Filter>Source Files\Engine</Filter>
    </ClCompile>
    <ClCompile Include="Physics.cpp">
      <Filter>Source Files\Engine</Filter>
    </ClCompile>
    <ClCompile Include="Resources.cpp">
      <Filter>Source Files\Engine</Filter>
    </ClCompile>
    <ClCompile Include="Shader.cpp">
      <Filter>Source Files\Engine</Filter>
    </ClCompile>
    <ClCompile Include="ShaderProgram.cpp">
      <Filter>Source Files\Engine</Filter>
    </ClCompile>
    <ClCompile Include="Texture.cpp">
      <Filter>Source Files\Engine</Filter>
    </ClCompile>
    <ClCompile Include="Transform.cpp">
      <Filter>Source Files\Engine</Filter>
    </ClCompile>
    <ClCompile Include="Application.cpp">
      <Filter>Source Files</Filter>
    </ClCompile>
    <ClCompile Include="pch.cpp">
      <Filter>Source Files</Filter>
    </ClCompile>
    <ClCompile Include="Scene.cpp">
      <Filter>Source Files\Scenes</Filter>
    </ClCompile>
    <ClCompile Include="SceneManager.cpp">
      <Filter>Source Files\Scenes</Filter>
    </ClCompile>
    <ClCompile Include="GameOverScene.cpp">
      <Filter>Source Files\Scenes</Filter>
    </ClCompile>
    <ClCompile Include="GameplayScene.cpp">
      <Filter>Source Files\Scenes</Filter>
    </ClCompile>
    <ClCompile Include="MainMenuScene.cpp">
      <Filter>Source Files\Scenes</Filter>
    </ClCompile>
    <ClCompile Include="TestComponent.cpp">
      <Filter>Source Files\Components</Filter>
    </ClCompile>
    <ClCompile Include="Utility.cpp">
      <Filter>Source Files</Filter>
    </ClCompile>
    <ClCompile Include="BoxShape.cpp">
      <Filter>Source Files\Engine\Colliders</Filter>
    </ClCompile>
    <ClCompile Include="CapsuleShape.cpp">
      <Filter>Source Files\Engine\Colliders</Filter>
    </ClCompile>
    <ClCompile Include="CylinderShape.cpp">
      <Filter>Source Files\Engine\Colliders</Filter>
    </ClCompile>
    <ClCompile Include="SphereShape.cpp">
      <Filter>Source Files\Engine\Colliders</Filter>
    </ClCompile>
    <ClCompile Include="RoomPrefab_Corner.cpp">
      <Filter>Source Files\Prefabs\EmptyRooms</Filter>
    </ClCompile>
    <ClCompile Include="RoomPrefab_Straight.cpp">
      <Filter>Source Files\Prefabs\EmptyRooms</Filter>
    </ClCompile>
    <ClCompile Include="RoomPrefab_1Door.cpp">
      <Filter>Source Files\Prefabs\EmptyRooms</Filter>
    </ClCompile>
    <ClCompile Include="RoomPrefab_3Door.cpp">
      <Filter>Source Files\Prefabs\EmptyRooms</Filter>
    </ClCompile>
    <ClCompile Include="RoomPrefab_4Door.cpp">
      <Filter>Source Files\Prefabs\EmptyRooms</Filter>
    </ClCompile>
    <ClCompile Include="LevelGenerator.cpp">
      <Filter>Source Files\Components</Filter>
    </ClCompile>
    <ClCompile Include="Room_1Door_Normal.cpp">
      <Filter>Source Files\Prefabs\NormalRooms\1Door</Filter>
    </ClCompile>
    <ClCompile Include="Room_2DoorCorner_Normal.cpp">
      <Filter>Source Files\Prefabs\NormalRooms\2Door-Corner</Filter>
    </ClCompile>
    <ClCompile Include="Room_2DoorStraight_Normal.cpp">
      <Filter>Source Files\Prefabs\NormalRooms\2Door-Straight</Filter>
    </ClCompile>
    <ClCompile Include="Room_3Door_Normal.cpp">
      <Filter>Source Files\Prefabs\NormalRooms\3Door</Filter>
    </ClCompile>
    <ClCompile Include="DoorPrefab.cpp">
      <Filter>Source Files\Prefabs\Other</Filter>
    </ClCompile>
    <ClCompile Include="TallPillar_Single_Prefab.cpp">
      <Filter>Source Files\Prefabs\Decorations\Pillars</Filter>
    </ClCompile>
    <ClCompile Include="ShortPillar_Full_Prefab.cpp">
      <Filter>Source Files\Prefabs\Decorations\Pillars</Filter>
    </ClCompile>
    <ClCompile Include="ShortPillar_Half_Prefab.cpp">
      <Filter>Source Files\Prefabs\Decorations\Pillars</Filter>
    </ClCompile>
    <ClCompile Include="ShortPillar_Quarter_Prefab.cpp">
      <Filter>Source Files\Prefabs\Decorations\Pillars</Filter>
    </ClCompile>
    <ClCompile Include="ShortPillar_Single_Prefab.cpp">
      <Filter>Source Files\Prefabs\Decorations\Pillars</Filter>
    </ClCompile>
    <ClCompile Include="TallPillar_Full_Prefab.cpp">
      <Filter>Source Files\Prefabs\Decorations\Pillars</Filter>
    </ClCompile>
    <ClCompile Include="TallPillar_Half_Prefab.cpp">
      <Filter>Source Files\Prefabs\Decorations\Pillars</Filter>
    </ClCompile>
    <ClCompile Include="TallPillar_Quarter_Prefab.cpp">
      <Filter>Source Files\Prefabs\Decorations\Pillars</Filter>
    </ClCompile>
    <ClCompile Include="TopFloor_Corner_Prefab.cpp">
      <Filter>Source Files\Prefabs\Decorations\Floors</Filter>
    </ClCompile>
    <ClCompile Include="TopFloor_Straight_Prefab.cpp">
      <Filter>Source Files\Prefabs\Decorations\Floors</Filter>
    </ClCompile>
    <ClCompile Include="GenerationData.cpp">
      <Filter>Source Files\Other\GameData</Filter>
    </ClCompile>
    <ClCompile Include="Directions.cpp">
      <Filter>Source Files\Other\GameData</Filter>
    </ClCompile>
    <ClCompile Include="TopFloorRoomFactory.cpp">
      <Filter>Source Files\Other\RoomFactories</Filter>
    </ClCompile>
    <ClCompile Include="NormalRoomFactory.cpp">
      <Filter>Source Files\Other\RoomFactories</Filter>
    </ClCompile>
    <ClCompile Include="RoomFactory.cpp">
      <Filter>Source Files\Other\RoomFactories</Filter>
    </ClCompile>
    <ClCompile Include="EntranceExitRoomFactory.cpp">
      <Filter>Source Files\Other\RoomFactories</Filter>
    </ClCompile>
    <ClCompile Include="TutorialScene.cpp">
      <Filter>Source Files\Scenes</Filter>
    </ClCompile>
    <ClCompile Include="Main.cpp">
      <Filter>Source Files</Filter>
    </ClCompile>
    <ClCompile Include="Button.cpp">
      <Filter>Source Files\Components\Buttons</Filter>
    </ClCompile>
    <ClCompile Include="MainMenuButton.cpp">
      <Filter>Source Files\Components\Buttons</Filter>
    </ClCompile>
    <ClCompile Include="TextRenderer.cpp">
      <Filter>Source Files\Components\Renderers</Filter>
    </ClCompile>
    <ClCompile Include="ImageRenderer.cpp">
      <Filter>Source Files\Components\Renderers</Filter>
    </ClCompile>
    <ClCompile Include="MeshRenderer.cpp">
      <Filter>Source Files\Components\Renderers</Filter>
    </ClCompile>
    <ClCompile Include="MainMenuButton_Prefab.cpp">
      <Filter>Source Files\Prefabs\UI</Filter>
    </ClCompile>
    <ClCompile Include="InteractableDoor.cpp">
      <Filter>Source Files\Components\Interactables</Filter>
    </ClCompile>
    <ClCompile Include="InteractableObject.cpp">
      <Filter>Source Files\Components\Interactables</Filter>
    </ClCompile>
    <ClCompile Include="LevelManager.cpp">
      <Filter>Source Files\Components\Managers</Filter>
    </ClCompile>
    <ClCompile Include="MainMenuManager.cpp">
      <Filter>Source Files\Components\Managers</Filter>
    </ClCompile>
    <ClCompile Include="OptionsMenuManager.cpp">
      <Filter>Source Files\Components\Managers</Filter>
    </ClCompile>
    <ClCompile Include="OptionsMenuButton.cpp">
      <Filter>Source Files\Components\Buttons</Filter>
    </ClCompile>
    <ClCompile Include="TutorialMenuButton.cpp">
      <Filter>Source Files\Components\Buttons</Filter>
    </ClCompile>
    <ClCompile Include="TutorialManager.cpp">
      <Filter>Source Files\Components\Managers</Filter>
    </ClCompile>
    <ClCompile Include="TutorialButtonPrefab.cpp">
      <Filter>Source Files\Prefabs\UI</Filter>
    </ClCompile>
    <ClCompile Include="OptionsMenuButton_Normal_Prefab.cpp">
      <Filter>Source Files\Prefabs\UI</Filter>
    </ClCompile>
    <ClCompile Include="OptionsMenuButton_Small_Prefab.cpp">
      <Filter>Source Files\Prefabs\UI</Filter>
    </ClCompile>
    <ClCompile Include="PersistantData.cpp">
      <Filter>Header Files\Prefabs</Filter>
    </ClCompile>
    <ClCompile Include="TransitionRenderer.cpp">
      <Filter>Source Files\Components\Renderers</Filter>
    </ClCompile>
    <ClCompile Include="PauseMenuButton.cpp">
      <Filter>Source Files\Components\Buttons</Filter>
    </ClCompile>
    <ClCompile Include="PauseMenuButton_Prefab.cpp">
      <Filter>Source Files\Prefabs\UI</Filter>
    </ClCompile>
    <ClCompile Include="RoomController.cpp">
      <Filter>Source Files\Components</Filter>
    </ClCompile>
    <ClCompile Include="DecorationSpawner.cpp">
      <Filter>Source Files\Components</Filter>
    </ClCompile>
    <ClCompile Include="Chair_Prefab.cpp">
      <Filter>Source Files\Prefabs\Decorations</Filter>
    </ClCompile>
    <ClCompile Include="Table_Prefab.cpp">
      <Filter>Source Files\Prefabs\Decorations</Filter>
    </ClCompile>
    <ClCompile Include="TableMimic_Prefab.cpp">
      <Filter>Source Files\Prefabs\Mimics</Filter>
    </ClCompile>
    <ClCompile Include="ChairMimic_Prefab.cpp">
      <Filter>Source Files\Prefabs\Mimics</Filter>
    </ClCompile>
    <ClCompile Include="MimicController.cpp">
      <Filter>Source Files\Components</Filter>
    </ClCompile>
    <ClCompile Include="Room_2DoorStraight_TopFloor.cpp">
      <Filter>Source Files\Prefabs\TopFloorRooms\2Door-Straight</Filter>
    </ClCompile>
    <ClCompile Include="Room_2DoorCorner_UpRight_TopFloor.cpp">
      <Filter>Source Files\Prefabs\TopFloorRooms\2Door-Corner</Filter>
    </ClCompile>
    <ClCompile Include="Room_2DoorCorner_DownLeft_TopFloor.cpp">
      <Filter>Source Files\Prefabs\TopFloorRooms\2Door-Corner</Filter>
    </ClCompile>
    <ClCompile Include="Room_2DoorCorner_LeftUp_TopFloor.cpp">
      <Filter>Source Files\Prefabs\TopFloorRooms\2Door-Corner</Filter>
    </ClCompile>
    <ClCompile Include="Room_2DoorCorner_RightDown_TopFloor.cpp">
      <Filter>Source Files\Prefabs\TopFloorRooms\2Door-Corner</Filter>
    </ClCompile>
    <ClCompile Include="Room_3Door_NoDown_TopFloor.cpp">
      <Filter>Source Files\Prefabs\TopFloorRooms\3Door</Filter>
    </ClCompile>
    <ClCompile Include="Room_3Door_NoLeft_TopFloor.cpp">
      <Filter>Source Files\Prefabs\TopFloorRooms\3Door</Filter>
    </ClCompile>
    <ClCompile Include="Room_3Door_NoRight_TopFloor.cpp">
      <Filter>Source Files\Prefabs\TopFloorRooms\3Door</Filter>
    </ClCompile>
    <ClCompile Include="Room_3Door_NoUp_TopFloor.cpp">
      <Filter>Source Files\Prefabs\TopFloorRooms\3Door</Filter>
    </ClCompile>
    <ClCompile Include="Room_1Door_TopFloor.cpp">
      <Filter>Source Files\Prefabs\TopFloorRooms\1Door</Filter>
    </ClCompile>
    <ClCompile Include="TopFloor_Single_Prefab.cpp">
      <Filter>Source Files\Prefabs\Decorations\Floors</Filter>
    </ClCompile>
    <ClCompile Include="Hedge_Large_Prefab.cpp">
      <Filter>Source Files\Prefabs\Decorations</Filter>
    </ClCompile>
    <ClCompile Include="Hedge_Small_Prefab.cpp">
      <Filter>Source Files\Prefabs\Decorations</Filter>
    </ClCompile>
    <ClCompile Include="HedgeMimic_Large_Prefab.cpp">
      <Filter>Source Files\Prefabs\Mimics</Filter>
    </ClCompile>
    <ClCompile Include="HedgeMimic_Small_Prefab.cpp">
      <Filter>Source Files\Prefabs\Mimics</Filter>
    </ClCompile>
    <ClCompile Include="Room_1Door_Entrance.cpp">
      <Filter>Source Files\Prefabs\EntranceExitRooms\1Door</Filter>
    </ClCompile>
    <ClCompile Include="Room_2DoorCorner_Entrance.cpp">
      <Filter>Source Files\Prefabs\EntranceExitRooms\2Door-Corner</Filter>
    </ClCompile>
    <ClCompile Include="Room_2DoorStraight_Entrance.cpp">
      <Filter>Source Files\Prefabs\EntranceExitRooms\2Door-Straight</Filter>
    </ClCompile>
    <ClCompile Include="Room_3Door_Entrance.cpp">
      <Filter>Source Files\Prefabs\EntranceExitRooms\3Door</Filter>
    </ClCompile>
    <ClCompile Include="Room_1DoorExit.cpp">
      <Filter>Source Files\Prefabs\EntranceExitRooms\1Door</Filter>
    </ClCompile>
    <ClCompile Include="Room_2DoorCorner_Exit.cpp">
      <Filter>Source Files\Prefabs\EntranceExitRooms\2Door-Corner</Filter>
    </ClCompile>
    <ClCompile Include="Room_2DoorStraight_Exit.cpp">
      <Filter>Source Files\Prefabs\EntranceExitRooms\2Door-Straight</Filter>
    </ClCompile>
    <ClCompile Include="Room_3Door_Exit.cpp">
      <Filter>Source Files\Prefabs\EntranceExitRooms\3Door</Filter>
    </ClCompile>
    <ClCompile Include="EntranceStairs_Prefab.cpp">
      <Filter>Source Files\Prefabs\Decorations</Filter>
    </ClCompile>
    <ClCompile Include="ExitStairs_Prefab.cpp">
      <Filter>Source Files\Prefabs\Decorations</Filter>
    </ClCompile>
    <ClCompile Include="InteractableMimic.cpp">
      <Filter>Source Files\Components\Interactables</Filter>
    </ClCompile>
    <ClCompile Include="InteractableExit.cpp">
      <Filter>Source Files\Components\Interactables</Filter>
    </ClCompile>
    <ClCompile Include="Ghost_Prefab.cpp">
      <Filter>Source Files\Prefabs\Other</Filter>
    </ClCompile>
    <ClCompile Include="Bat_Prefab.cpp">
      <Filter>Source Files\Prefabs\Other</Filter>
    </ClCompile>
    <ClCompile Include="GhostController.cpp">
      <Filter>Source Files\Components</Filter>
    </ClCompile>
    <ClCompile Include="Sound.cpp">
      <Filter>Source Files\Engine</Filter>
    </ClCompile>
    <ClCompile Include="SoundManager.cpp">
      <Filter>Source Files\Engine</Filter>
    </ClCompile>
    <ClCompile Include="GameOverButton.cpp">
      <Filter>Source Files\Components\Buttons</Filter>
    </ClCompile>
    <ClCompile Include="GameOverButton_Prefab.cpp">
      <Filter>Source Files\Prefabs\UI</Filter>
    </ClCompile>
    <ClCompile Include="GameOverManager.cpp">
      <Filter>Source Files\Components\Managers</Filter>
    </ClCompile>
    <ClCompile Include="AltCameraController.cpp">
      <Filter>Source Files</Filter>
    </ClCompile>
  </ItemGroup>
  <ItemGroup>
    <ClInclude Include="RigidBody.h">
      <Filter>Header Files\Components</Filter>
    </ClInclude>
    <ClInclude Include="PlayerController.h">
      <Filter>Header Files\Components</Filter>
    </ClInclude>
    <ClInclude Include="Component.h">
      <Filter>Header Files\Components</Filter>
    </ClInclude>
    <ClInclude Include="Camera.h">
      <Filter>Header Files\Engine</Filter>
    </ClInclude>
    <ClInclude Include="Entity.h">
      <Filter>Header Files\Engine</Filter>
    </ClInclude>
    <ClInclude Include="Input.h">
      <Filter>Header Files\Engine</Filter>
    </ClInclude>
    <ClInclude Include="InputState.h">
      <Filter>Header Files\Engine</Filter>
    </ClInclude>
    <ClInclude Include="Log.h">
      <Filter>Header Files\Engine</Filter>
    </ClInclude>
    <ClInclude Include="Mesh.h">
      <Filter>Header Files\Engine</Filter>
    </ClInclude>
    <ClInclude Include="Model.h">
      <Filter>Header Files\Engine</Filter>
    </ClInclude>
    <ClInclude Include="Physics.h">
      <Filter>Header Files\Engine</Filter>
    </ClInclude>
    <ClInclude Include="Resources.h">
      <Filter>Header Files\Engine</Filter>
    </ClInclude>
    <ClInclude Include="Shader.h">
      <Filter>Header Files\Engine</Filter>
    </ClInclude>
    <ClInclude Include="ShaderProgram.h">
      <Filter>Header Files\Engine</Filter>
    </ClInclude>
    <ClInclude Include="Texture.h">
      <Filter>Header Files\Engine</Filter>
    </ClInclude>
    <ClInclude Include="Transform.h">
      <Filter>Header Files\Engine</Filter>
    </ClInclude>
    <ClInclude Include="Vertex.h">
      <Filter>Header Files\Engine</Filter>
    </ClInclude>
    <ClInclude Include="pch.h">
      <Filter>Header Files</Filter>
    </ClInclude>
    <ClInclude Include="Common.h">
      <Filter>Header Files</Filter>
    </ClInclude>
    <ClInclude Include="Application.h">
      <Filter>Header Files</Filter>
    </ClInclude>
    <ClInclude Include="Scene.h">
      <Filter>Header Files\Scenes</Filter>
    </ClInclude>
    <ClInclude Include="SceneManager.h">
      <Filter>Header Files\Scenes</Filter>
    </ClInclude>
    <ClInclude Include="GameOverScene.h">
      <Filter>Header Files\Scenes</Filter>
    </ClInclude>
    <ClInclude Include="GameplayScene.h">
      <Filter>Header Files\Scenes</Filter>
    </ClInclude>
    <ClInclude Include="MainMenuScene.h">
      <Filter>Header Files\Scenes</Filter>
    </ClInclude>
    <ClInclude Include="TestComponent.h">
      <Filter>Header Files\Components</Filter>
    </ClInclude>
    <ClInclude Include="resource.h">
      <Filter>Header Files</Filter>
    </ClInclude>
    <ClInclude Include="Utility.h">
      <Filter>Header Files</Filter>
    </ClInclude>
    <ClInclude Include="BoxShape.h">
      <Filter>Header Files\Engine\Colliders</Filter>
    </ClInclude>
    <ClInclude Include="CapsuleShape.h">
      <Filter>Header Files\Engine\Colliders</Filter>
    </ClInclude>
    <ClInclude Include="CollisionShape.h">
      <Filter>Header Files\Engine\Colliders</Filter>
    </ClInclude>
    <ClInclude Include="CylinderShape.h">
      <Filter>Header Files\Engine\Colliders</Filter>
    </ClInclude>
    <ClInclude Include="SphereShape.h">
      <Filter>Header Files\Engine\Colliders</Filter>
    </ClInclude>
    <ClInclude Include="LevelGenerator.h">
      <Filter>Header Files\Components</Filter>
    </ClInclude>
    <ClInclude Include="RoomPrefab_1Door.h">
      <Filter>Header Files\Prefabs\EmptyRooms</Filter>
    </ClInclude>
    <ClInclude Include="RoomPrefab_3Door.h">
      <Filter>Header Files\Prefabs\EmptyRooms</Filter>
    </ClInclude>
    <ClInclude Include="RoomPrefab_4Door.h">
      <Filter>Header Files\Prefabs\EmptyRooms</Filter>
    </ClInclude>
    <ClInclude Include="RoomPrefab_Corner.h">
      <Filter>Header Files\Prefabs\EmptyRooms</Filter>
    </ClInclude>
    <ClInclude Include="RoomPrefab_Straight.h">
      <Filter>Header Files\Prefabs\EmptyRooms</Filter>
    </ClInclude>
    <ClInclude Include="Room_1Door_Normal.h">
      <Filter>Header Files\Prefabs\NormalRooms\1Door</Filter>
    </ClInclude>
    <ClInclude Include="Room_2DoorCorner_Normal.h">
      <Filter>Header Files\Prefabs\NormalRooms\2Door-Corner</Filter>
    </ClInclude>
    <ClInclude Include="Room_2DoorStraight_Normal.h">
      <Filter>Header Files\Prefabs\NormalRooms\2Door-Straight</Filter>
    </ClInclude>
    <ClInclude Include="Room_3Door_Normal.h">
      <Filter>Header Files\Prefabs\NormalRooms\3Door</Filter>
    </ClInclude>
    <ClInclude Include="DoorPrefab.h">
      <Filter>Header Files\Prefabs\Other</Filter>
    </ClInclude>
    <ClInclude Include="ShortPillar_Full_Prefab.h">
      <Filter>Header Files\Prefabs\Decorations\Pillars</Filter>
    </ClInclude>
    <ClInclude Include="ShortPillar_Half_Prefab.h">
      <Filter>Header Files\Prefabs\Decorations\Pillars</Filter>
    </ClInclude>
    <ClInclude Include="ShortPillar_Quarter_Prefab.h">
      <Filter>Header Files\Prefabs\Decorations\Pillars</Filter>
    </ClInclude>
    <ClInclude Include="ShortPillar_Single_Prefab.h">
      <Filter>Header Files\Prefabs\Decorations\Pillars</Filter>
    </ClInclude>
    <ClInclude Include="TallPillar_Full_Prefab.h">
      <Filter>Header Files\Prefabs\Decorations\Pillars</Filter>
    </ClInclude>
    <ClInclude Include="TallPillar_Half_Prefab.h">
      <Filter>Header Files\Prefabs\Decorations\Pillars</Filter>
    </ClInclude>
    <ClInclude Include="TallPillar_Quarter_Prefab.h">
      <Filter>Header Files\Prefabs\Decorations\Pillars</Filter>
    </ClInclude>
    <ClInclude Include="TallPillar_Single_Prefab.h">
      <Filter>Header Files\Prefabs\Decorations\Pillars</Filter>
    </ClInclude>
    <ClInclude Include="TopFloor_Corner_Prefab.h">
      <Filter>Header Files\Prefabs\Decorations\Floors</Filter>
    </ClInclude>
    <ClInclude Include="TopFloor_Straight_Prefab.h">
      <Filter>Header Files\Prefabs\Decorations\Floors</Filter>
    </ClInclude>
    <ClInclude Include="Directions.h">
      <Filter>Header Files\Other\GameData</Filter>
    </ClInclude>
    <ClInclude Include="GenerationData.h">
      <Filter>Header Files\Other\GameData</Filter>
    </ClInclude>
    <ClInclude Include="RoomTypes.h">
      <Filter>Header Files\Other\GameData</Filter>
    </ClInclude>
    <ClInclude Include="TopFloorRoomFactory.h">
      <Filter>Header Files\Other\RoomFactories</Filter>
    </ClInclude>
    <ClInclude Include="RoomFactory.h">
      <Filter>Header Files\Other\RoomFactories</Filter>
    </ClInclude>
    <ClInclude Include="NormalRoomFactory.h">
      <Filter>Header Files\Other\RoomFactories</Filter>
    </ClInclude>
    <ClInclude Include="EntranceExitRoomFactory.h">
      <Filter>Header Files\Other\RoomFactories</Filter>
    </ClInclude>
    <ClInclude Include="TutorialScene.h">
      <Filter>Header Files\Scenes</Filter>
    </ClInclude>
    <ClInclude Include="Button.h">
      <Filter>Header Files\Components\Buttons</Filter>
    </ClInclude>
    <ClInclude Include="MainMenuButton.h">
      <Filter>Header Files\Components\Buttons</Filter>
    </ClInclude>
    <ClInclude Include="MeshRenderer.h">
      <Filter>Header Files\Components\Renderers</Filter>
    </ClInclude>
    <ClInclude Include="ImageRenderer.h">
      <Filter>Header Files\Components\Renderers</Filter>
    </ClInclude>
    <ClInclude Include="TextRenderer.h">
      <Filter>Header Files\Components\Renderers</Filter>
    </ClInclude>
    <ClInclude Include="MainMenuButton_Prefab.h">
      <Filter>Header Files\Prefabs\UI</Filter>
    </ClInclude>
    <ClInclude Include="InteractableDoor.h">
      <Filter>Header Files\Components\Interactables</Filter>
    </ClInclude>
    <ClInclude Include="InteractableObject.h">
      <Filter>Header Files\Components\Interactables</Filter>
    </ClInclude>
    <ClInclude Include="LevelManager.h">
      <Filter>Header Files\Components\Managers</Filter>
    </ClInclude>
    <ClInclude Include="MainMenuManager.h">
      <Filter>Header Files\Components\Managers</Filter>
    </ClInclude>
    <ClInclude Include="OptionsMenuButton.h">
      <Filter>Header Files\Components\Buttons</Filter>
    </ClInclude>
    <ClInclude Include="OptionsMenuManager.h">
      <Filter>Header Files\Components\Managers</Filter>
    </ClInclude>
    <ClInclude Include="TutorialMenuButton.h">
      <Filter>Header Files\Components\Buttons</Filter>
    </ClInclude>
    <ClInclude Include="TutorialManager.h">
      <Filter>Header Files\Components\Managers</Filter>
    </ClInclude>
    <ClInclude Include="TutorialButton_Prefab.h">
      <Filter>Header Files\Prefabs\UI</Filter>
    </ClInclude>
    <ClInclude Include="OptionsMenuButton_Normal_Prefab.h">
      <Filter>Header Files\Prefabs\UI</Filter>
    </ClInclude>
    <ClInclude Include="OptionsMenuButton_Small_Prefab.h">
      <Filter>Header Files\Prefabs\UI</Filter>
    </ClInclude>
    <ClInclude Include="TransitionRenderer.h">
      <Filter>Header Files\Components\Renderers</Filter>
    </ClInclude>
    <ClInclude Include="PauseMenuButton.h">
      <Filter>Header Files\Components\Buttons</Filter>
    </ClInclude>
    <ClInclude Include="PauseMenuButton_Prefab.h">
      <Filter>Header Files\Prefabs\UI</Filter>
    </ClInclude>
    <ClInclude Include="RoomController.h">
      <Filter>Header Files\Components</Filter>
    </ClInclude>
    <ClInclude Include="DecorationSpawner.h">
      <Filter>Header Files\Components</Filter>
    </ClInclude>
    <ClInclude Include="Chair_Prefab.h">
      <Filter>Header Files\Prefabs\Decorations</Filter>
    </ClInclude>
    <ClInclude Include="Table_Prefab.h">
      <Filter>Header Files\Prefabs\Decorations</Filter>
    </ClInclude>
    <ClInclude Include="TableMimic_Prefab.h">
      <Filter>Header Files\Prefabs\Mimics</Filter>
    </ClInclude>
    <ClInclude Include="ChairMimic_Prefab.h">
      <Filter>Header Files\Prefabs\Mimics</Filter>
    </ClInclude>
    <ClInclude Include="MimicController.h">
      <Filter>Header Files\Components</Filter>
    </ClInclude>
    <ClInclude Include="Room_2DoorStraight_TopFloor.h">
      <Filter>Header Files\Prefabs\TopFloorRooms\2Door-Straight</Filter>
    </ClInclude>
    <ClInclude Include="Room_2DoorCorner_UpRight_TopFloor.h">
      <Filter>Header Files\Prefabs\TopFloorRooms\2Door-Corner</Filter>
    </ClInclude>
    <ClInclude Include="Room_2DoorCorner_DownLeft_TopFloor.h">
      <Filter>Header Files\Prefabs\TopFloorRooms\2Door-Corner</Filter>
    </ClInclude>
    <ClInclude Include="Room_2DoorCorner_LeftUp_TopFloor.h">
      <Filter>Header Files\Prefabs\TopFloorRooms\2Door-Corner</Filter>
    </ClInclude>
    <ClInclude Include="Room_2DoorCorner_RightDown_TopFloor.h">
      <Filter>Header Files\Prefabs\TopFloorRooms\2Door-Corner</Filter>
    </ClInclude>
    <ClInclude Include="Room_3Door_NoDown_TopFloor.h">
      <Filter>Header Files\Prefabs\TopFloorRooms\3Door</Filter>
    </ClInclude>
    <ClInclude Include="Room_3Door_NoLeft_TopFloor.h">
      <Filter>Header Files\Prefabs\TopFloorRooms\3Door</Filter>
    </ClInclude>
    <ClInclude Include="Room_3Door_NoRight_TopFloor.h">
      <Filter>Header Files\Prefabs\TopFloorRooms\3Door</Filter>
    </ClInclude>
    <ClInclude Include="Room_3Door_NoUp_TopFloor.h">
      <Filter>Header Files\Prefabs\TopFloorRooms\3Door</Filter>
    </ClInclude>
    <ClInclude Include="Room_1Door_TopFloor.h">
      <Filter>Header Files\Prefabs\TopFloorRooms\1Door</Filter>
    </ClInclude>
    <ClInclude Include="TopFloor_Single_Prefab.h">
      <Filter>Header Files\Prefabs\Decorations\Floors</Filter>
    </ClInclude>
    <ClInclude Include="Hedge_Large_Prefab.h">
      <Filter>Header Files\Prefabs\Decorations</Filter>
    </ClInclude>
    <ClInclude Include="Hedge_Small_Prefab.h">
      <Filter>Header Files\Prefabs\Decorations</Filter>
    </ClInclude>
    <ClInclude Include="HedgeMimic_Large_Prefab.h">
      <Filter>Header Files\Prefabs\Mimics</Filter>
    </ClInclude>
    <ClInclude Include="HedgeMimic_Small_Prefab.h">
      <Filter>Header Files\Prefabs\Mimics</Filter>
    </ClInclude>
    <ClInclude Include="Room_1Door_Entrance.h">
      <Filter>Header Files\Prefabs\EntranceExitRooms\1Door</Filter>
    </ClInclude>
    <ClInclude Include="Room_1DoorExit.h">
      <Filter>Header Files\Prefabs\EntranceExitRooms\1Door</Filter>
    </ClInclude>
    <ClInclude Include="Room_2DoorCorner_Entrance.h">
      <Filter>Header Files\Prefabs\EntranceExitRooms\2Door-Corner</Filter>
    </ClInclude>
    <ClInclude Include="Room_2DoorCorner_Exit.h">
      <Filter>Header Files\Prefabs\EntranceExitRooms\2Door-Corner</Filter>
    </ClInclude>
    <ClInclude Include="Room_2DoorStraight_Entrance.h">
      <Filter>Header Files\Prefabs\EntranceExitRooms\2Door-Straight</Filter>
    </ClInclude>
    <ClInclude Include="Room_2DoorStraight_Exit.h">
      <Filter>Header Files\Prefabs\EntranceExitRooms\2Door-Straight</Filter>
    </ClInclude>
    <ClInclude Include="Room_3Door_Entrance.h">
      <Filter>Header Files\Prefabs\EntranceExitRooms\3Door</Filter>
    </ClInclude>
    <ClInclude Include="Room_3Door_Exit.h">
      <Filter>Header Files\Prefabs\EntranceExitRooms\3Door</Filter>
    </ClInclude>
    <ClInclude Include="EntranceStairs_Prefab.h">
      <Filter>Header Files\Prefabs\Decorations</Filter>
    </ClInclude>
    <ClInclude Include="ExitStairs_Prefab.h">
      <Filter>Header Files\Prefabs\Decorations</Filter>
    </ClInclude>
    <ClInclude Include="InteractableMimic.h">
      <Filter>Header Files\Components\Interactables</Filter>
    </ClInclude>
    <ClInclude Include="InteractableExit.h">
      <Filter>Header Files\Components\Interactables</Filter>
    </ClInclude>
    <ClInclude Include="Ghost_Prefab.h">
      <Filter>Header Files\Prefabs\Other</Filter>
    </ClInclude>
    <ClInclude Include="Bat_Prefab.h">
      <Filter>Header Files\Prefabs\Other</Filter>
    </ClInclude>
    <ClInclude Include="PersistantData.h">
      <Filter>Header Files\Other\GameData</Filter>
    </ClInclude>
    <ClInclude Include="GhostController.h">
      <Filter>Header Files\Components</Filter>
    </ClInclude>
    <ClInclude Include="Sound.h">
      <Filter>Header Files\Engine</Filter>
    </ClInclude>
    <ClInclude Include="SoundManager.h">
      <Filter>Header Files\Engine</Filter>
    </ClInclude>
    <ClInclude Include="GameOverButton.h">
      <Filter>Header Files\Components\Buttons</Filter>
    </ClInclude>
    <ClInclude Include="GameOverButton_Prefab.h">
      <Filter>Header Files\Prefabs\UI</Filter>
    </ClInclude>
    <ClInclude Include="GameOverManager.h">
      <Filter>Header Files\Components\Managers</Filter>
    </ClInclude>
    <ClInclude Include="AltCameraController.h">
      <Filter>Header Files</Filter>
    </ClInclude>
  </ItemGroup>
  <ItemGroup>
    <ResourceCompile Include="GP3_Coursework.rc">
      <Filter>Resource Files</Filter>
    </ResourceCompile>
  </ItemGroup>
  <ItemGroup>
    <None Include="Assets\Shaders\simple_FRAG.glsl">
      <Filter>Resource Files\Shaders</Filter>
    </None>
    <None Include="Assets\Shaders\simple_VERT.glsl">
      <Filter>Resource Files\Shaders</Filter>
    </None>
    <None Include="Assets\Shaders\text_FRAG.glsl">
      <Filter>Resource Files\Shaders</Filter>
    </None>
    <None Include="Assets\Shaders\text_VERT.glsl">
      <Filter>Resource Files\Shaders</Filter>
    </None>
    <None Include="Assets\Shaders\mask_FRAG.glsl">
      <Filter>Resource Files\Shaders</Filter>
    </None>
    <None Include="Assets\Shaders\mask_VERT.glsl">
      <Filter>Resource Files\Shaders</Filter>
    </None>
    <None Include="Assets\Shaders\glitch_FRAG.glsl">
      <Filter>Resource Files\Shaders</Filter>
    </None>
    <None Include="Assets\Shaders\glitch_VERT.glsl">
      <Filter>Resource Files\Shaders</Filter>
    </None>
  </ItemGroup>
</Project>