<?xml version="1.0" encoding="utf-8"?>
<Project ToolsVersion="4.0" xmlns="http://schemas.microsoft.com/developer/msbuild/2003">
  <ItemGroup>
    <Filter Include="Source Files">
      <UniqueIdentifier>{4FC737F1-C7A5-4376-A066-2A32D752A2FF}</UniqueIdentifier>
      <Extensions>cpp;c;cc;cxx;c++;cppm;ixx;def;odl;idl;hpj;bat;asm;asmx</Extensions>
    </Filter>
    <Filter Include="Header Files">
      <UniqueIdentifier>{93995380-89BD-4b04-88EB-625FBE52EBFB}</UniqueIdentifier>
      <Extensions>h;hh;hpp;hxx;h++;hm;inl;inc;ipp;xsd</Extensions>
    </Filter>
    <Filter Include="Resource Files">
      <UniqueIdentifier>{67DA6AB6-F800-4c08-8B7A-83BB121AAD01}</UniqueIdentifier>
      <Extensions>rc;ico;cur;bmp;dlg;rc2;rct;bin;rgs;gif;jpg;jpeg;jpe;resx;tiff;tif;png;wav;mfcribbon-ms</Extensions>
    </Filter>
    <Filter Include="Header Files\Components">
      <UniqueIdentifier>{b0f5bb44-4eed-4257-a459-c2a20c74edc0}</UniqueIdentifier>
    </Filter>
    <Filter Include="Header Files\Prefabs">
      <UniqueIdentifier>{8ba6cf2a-9015-4826-a8b6-4269b6f8671e}</UniqueIdentifier>
    </Filter>
    <Filter Include="Header Files\Scenes">
      <UniqueIdentifier>{bb42d034-0ad7-484a-8062-c42513007c9e}</UniqueIdentifier>
    </Filter>
    <Filter Include="Source Files\Components">
      <UniqueIdentifier>{f3e13055-b215-4a6a-92c9-3f77e831c420}</UniqueIdentifier>
    </Filter>
    <Filter Include="Source Files\Scenes">
      <UniqueIdentifier>{55b1c8ee-52ac-4fb0-9e0b-dd70700632e9}</UniqueIdentifier>
    </Filter>
    <Filter Include="Source Files\Prefabs">
      <UniqueIdentifier>{6b0b0fca-73a8-415b-a782-16ef74212e27}</UniqueIdentifier>
    </Filter>
    <Filter Include="Source Files\Engine">
      <UniqueIdentifier>{d0edeade-88a6-45ec-bec7-c0f55717366e}</UniqueIdentifier>
    </Filter>
    <Filter Include="Header Files\Engine">
      <UniqueIdentifier>{edc223b8-64f7-457c-a6ab-845a2e48f45c}</UniqueIdentifier>
    </Filter>
    <Filter Include="Header Files\Engine\Colliders">
      <UniqueIdentifier>{db71de4b-ca4b-476b-924d-9f30d4b98ad3}</UniqueIdentifier>
    </Filter>
    <Filter Include="Source Files\Engine\Colliders">
      <UniqueIdentifier>{ff690b34-4d57-4c95-a515-d7744fffd5bc}</UniqueIdentifier>
    </Filter>
    <Filter Include="Resource Files\Shaders">
      <UniqueIdentifier>{8a3aa6eb-edc6-48fe-ad9d-98c197a190aa}</UniqueIdentifier>
    </Filter>
    <Filter Include="Source Files\Prefabs\EmptyRooms">
      <UniqueIdentifier>{8dd4b3f5-f0d5-4acf-8743-3256fea7eb2c}</UniqueIdentifier>
    </Filter>
    <Filter Include="Source Files\Prefabs\DecoratedRooms">
      <UniqueIdentifier>{0e4c15e3-0138-4d02-bced-f5a67a61cda1}</UniqueIdentifier>
    </Filter>
    <Filter Include="Header Files\Other">
      <UniqueIdentifier>{81901913-b56d-4c65-aa8b-aa416ba1a3d6}</UniqueIdentifier>
    </Filter>
    <Filter Include="Source Files\Other">
      <UniqueIdentifier>{b15fd00b-6744-4ddb-9919-b635e1351152}</UniqueIdentifier>
    </Filter>
    <Filter Include="Source Files\Prefabs\DecoratedRooms\1Door">
      <UniqueIdentifier>{fd9cecc8-9b70-4123-bd26-05b8573ac366}</UniqueIdentifier>
    </Filter>
    <Filter Include="Source Files\Prefabs\DecoratedRooms\2Door-Straight">
      <UniqueIdentifier>{7496d4b9-a1c9-4585-8cdf-0f2e1c0df331}</UniqueIdentifier>
    </Filter>
    <Filter Include="Source Files\Prefabs\DecoratedRooms\3Door">
      <UniqueIdentifier>{d33b1ddb-1734-4a1c-9339-3db471f0ea2b}</UniqueIdentifier>
    </Filter>
    <Filter Include="Source Files\Prefabs\DecoratedRooms\4Door">
      <UniqueIdentifier>{c298aefb-df09-4933-b1d4-aad4bcbb289b}</UniqueIdentifier>
    </Filter>
    <Filter Include="Header Files\Prefabs\DecoratedRooms">
      <UniqueIdentifier>{30b607f6-a2a5-4963-9407-ffd517cce049}</UniqueIdentifier>
    </Filter>
    <Filter Include="Header Files\Prefabs\EmptyRooms">
      <UniqueIdentifier>{c78913bd-bdec-4d86-8d3f-f2337e83ed1d}</UniqueIdentifier>
    </Filter>
    <Filter Include="Header Files\Prefabs\DecoratedRooms\1Door">
      <UniqueIdentifier>{08b5ba62-47e4-4d10-9cdb-fe0fb2e4645d}</UniqueIdentifier>
    </Filter>
    <Filter Include="Source Files\Prefabs\DecoratedRooms\2Door-Corner">
      <UniqueIdentifier>{6cb004b7-3db3-4167-ba9d-27dc38c8de90}</UniqueIdentifier>
    </Filter>
    <Filter Include="Header Files\Prefabs\DecoratedRooms\2Door-Corner">
      <UniqueIdentifier>{c066b10e-7429-4b81-8c45-2716e4c6f531}</UniqueIdentifier>
    </Filter>
    <Filter Include="Header Files\Prefabs\DecoratedRooms\2Door-Straight">
      <UniqueIdentifier>{50cabe0b-6b5a-495f-b789-d6ca73ddc335}</UniqueIdentifier>
    </Filter>
    <Filter Include="Header Files\Prefabs\DecoratedRooms\3Door">
      <UniqueIdentifier>{af2b363a-a23b-4b46-a4be-e1dca2c9bee4}</UniqueIdentifier>
    </Filter>
    <Filter Include="Header Files\Prefabs\DecoratedRooms\4Door">
      <UniqueIdentifier>{ef799375-a1f9-4d9b-ad0a-e5ee36bc0346}</UniqueIdentifier>
    </Filter>
    <Filter Include="Source Files\Prefabs\Decorations">
      <UniqueIdentifier>{cd08a49f-3d2e-4c8c-ae09-9e676fdda28f}</UniqueIdentifier>
    </Filter>
    <Filter Include="Header Files\Prefabs\Decorations">
      <UniqueIdentifier>{409b5902-ca7e-4ce6-b6dc-5c05c5e867fa}</UniqueIdentifier>
    </Filter>
    <Filter Include="Source Files\Prefabs\Other">
      <UniqueIdentifier>{07f56e90-d3e5-4cc5-97dc-a829119bf0d0}</UniqueIdentifier>
    </Filter>
    <Filter Include="Header Files\Prefabs\Other">
      <UniqueIdentifier>{24d638da-6313-4db9-822e-ab3b2095626b}</UniqueIdentifier>
    </Filter>
    <Filter Include="Header Files\Prefabs\Player">
      <UniqueIdentifier>{e9e11186-68f2-4dad-a0bf-6c57fc236ee0}</UniqueIdentifier>
    </Filter>
    <Filter Include="Source Files\Prefabs\Player">
      <UniqueIdentifier>{00124236-2fe3-481e-8a65-bd08c64a08fe}</UniqueIdentifier>
    </Filter>
    <Filter Include="Source Files\Prefabs\Decorations\Pillars">
      <UniqueIdentifier>{8b922dca-f17e-4846-8cee-8a48ae4d7753}</UniqueIdentifier>
    </Filter>
    <Filter Include="Source Files\Prefabs\Decorations\Floors">
      <UniqueIdentifier>{31fb9ab8-8967-4a5d-bbd2-11d59f1cd235}</UniqueIdentifier>
    </Filter>
    <Filter Include="Header Files\Prefabs\Decorations\Pillars">
      <UniqueIdentifier>{fabc6d80-8234-422d-ac31-9c31bdb3b05b}</UniqueIdentifier>
    </Filter>
    <Filter Include="Header Files\Prefabs\Decorations\Floors">
      <UniqueIdentifier>{e32cde0e-a661-4478-9b62-15e326ead8b3}</UniqueIdentifier>
    </Filter>
    <Filter Include="Header Files\Other\GameData">
      <UniqueIdentifier>{9b36b85f-856d-43e9-a7b8-26099972f18f}</UniqueIdentifier>
    </Filter>
    <Filter Include="Source Files\Other\GameData">
      <UniqueIdentifier>{cbec6280-581e-4fc0-ac6d-13cab29aeee6}</UniqueIdentifier>
    </Filter>
    <Filter Include="Source Files\Other\RoomFactories">
      <UniqueIdentifier>{75e0ec20-86e5-4e75-9d31-85bce886b59e}</UniqueIdentifier>
    </Filter>
    <Filter Include="Header Files\Other\RoomFactories">
      <UniqueIdentifier>{6f531d56-db9e-4129-bcc1-1a4e589040d6}</UniqueIdentifier>
    </Filter>
  </ItemGroup>
  <ItemGroup>
    <ClCompile Include="MeshRenderer.cpp">
      <Filter>Source Files\Components</Filter>
    </ClCompile>
    <ClCompile Include="RigidBody.cpp">
      <Filter>Source Files\Components</Filter>
    </ClCompile>
    <ClCompile Include="PlayerController.cpp">
      <Filter>Source Files\Components</Filter>
    </ClCompile>
    <ClCompile Include="Component.cpp">
      <Filter>Source Files\Components</Filter>
    </ClCompile>
    <ClCompile Include="Camera.cpp">
      <Filter>Source Files\Engine</Filter>
    </ClCompile>
    <ClCompile Include="Entity.cpp">
      <Filter>Source Files\Engine</Filter>
    </ClCompile>
    <ClCompile Include="Input.cpp">
      <Filter>Source Files\Engine</Filter>
    </ClCompile>
    <ClCompile Include="Log.cpp">
      <Filter>Source Files\Engine</Filter>
    </ClCompile>
    <ClCompile Include="Mesh.cpp">
      <Filter>Source Files\Engine</Filter>
    </ClCompile>
    <ClCompile Include="Model.cpp">
      <Filter>Source Files\Engine</Filter>
    </ClCompile>
    <ClCompile Include="Physics.cpp">
      <Filter>Source Files\Engine</Filter>
    </ClCompile>
    <ClCompile Include="Resources.cpp">
      <Filter>Source Files\Engine</Filter>
    </ClCompile>
    <ClCompile Include="Shader.cpp">
      <Filter>Source Files\Engine</Filter>
    </ClCompile>
    <ClCompile Include="ShaderProgram.cpp">
      <Filter>Source Files\Engine</Filter>
    </ClCompile>
    <ClCompile Include="Texture.cpp">
      <Filter>Source Files\Engine</Filter>
    </ClCompile>
    <ClCompile Include="Transform.cpp">
      <Filter>Source Files\Engine</Filter>
    </ClCompile>
    <ClCompile Include="Application.cpp">
      <Filter>Source Files</Filter>
    </ClCompile>
    <ClCompile Include="pch.cpp">
      <Filter>Source Files</Filter>
    </ClCompile>
    <ClCompile Include="Scene.cpp">
      <Filter>Source Files\Scenes</Filter>
    </ClCompile>
    <ClCompile Include="SceneManager.cpp">
      <Filter>Source Files\Scenes</Filter>
    </ClCompile>
    <ClCompile Include="GameOverScene.cpp">
      <Filter>Source Files\Scenes</Filter>
    </ClCompile>
    <ClCompile Include="GameplayScene.cpp">
      <Filter>Source Files\Scenes</Filter>
    </ClCompile>
    <ClCompile Include="MainMenuScene.cpp">
      <Filter>Source Files\Scenes</Filter>
    </ClCompile>
    <ClCompile Include="TestComponent.cpp">
      <Filter>Source Files\Components</Filter>
    </ClCompile>
    <ClCompile Include="Utility.cpp">
      <Filter>Source Files</Filter>
    </ClCompile>
    <ClCompile Include="BoxShape.cpp">
      <Filter>Source Files\Engine\Colliders</Filter>
    </ClCompile>
    <ClCompile Include="CapsuleShape.cpp">
      <Filter>Source Files\Engine\Colliders</Filter>
    </ClCompile>
    <ClCompile Include="CollisionShape.cpp">
      <Filter>Source Files\Engine\Colliders</Filter>
    </ClCompile>
    <ClCompile Include="CylinderShape.cpp">
      <Filter>Source Files\Engine\Colliders</Filter>
    </ClCompile>
    <ClCompile Include="SphereShape.cpp">
      <Filter>Source Files\Engine\Colliders</Filter>
    </ClCompile>
    <ClCompile Include="RoomPrefab_Corner.cpp">
      <Filter>Source Files\Prefabs\EmptyRooms</Filter>
    </ClCompile>
    <ClCompile Include="RoomPrefab_Straight.cpp">
      <Filter>Source Files\Prefabs\EmptyRooms</Filter>
    </ClCompile>
    <ClCompile Include="RoomPrefab_1Door.cpp">
      <Filter>Source Files\Prefabs\EmptyRooms</Filter>
    </ClCompile>
    <ClCompile Include="RoomPrefab_3Door.cpp">
      <Filter>Source Files\Prefabs\EmptyRooms</Filter>
    </ClCompile>
    <ClCompile Include="RoomPrefab_4Door.cpp">
      <Filter>Source Files\Prefabs\EmptyRooms</Filter>
    </ClCompile>
    <ClCompile Include="LevelManager.cpp">
      <Filter>Source Files\Components</Filter>
    </ClCompile>
    <ClCompile Include="LevelGenerator.cpp">
      <Filter>Source Files\Components</Filter>
    </ClCompile>
    <ClCompile Include="Room_1Door_Normal.cpp">
      <Filter>Source Files\Prefabs\DecoratedRooms\1Door</Filter>
    </ClCompile>
    <ClCompile Include="Room_2DoorCorner_Normal.cpp">
      <Filter>Source Files\Prefabs\DecoratedRooms\2Door-Corner</Filter>
    </ClCompile>
    <ClCompile Include="Room_2DoorStraight_Normal.cpp">
      <Filter>Source Files\Prefabs\DecoratedRooms\2Door-Straight</Filter>
    </ClCompile>
    <ClCompile Include="Room_3Door_Normal.cpp">
      <Filter>Source Files\Prefabs\DecoratedRooms\3Door</Filter>
    </ClCompile>
    <ClCompile Include="Room_4Door_Normal.cpp">
      <Filter>Source Files\Prefabs\DecoratedRooms\4Door</Filter>
    </ClCompile>
    <ClCompile Include="DoorPrefab.cpp">
      <Filter>Source Files\Prefabs\Other</Filter>
    </ClCompile>
    <ClCompile Include="InteractableObject.cpp">
      <Filter>Source Files\Components</Filter>
    </ClCompile>
    <ClCompile Include="InteractableDoor.cpp">
      <Filter>Source Files\Components</Filter>
    </ClCompile>
    <ClCompile Include="Room_2DoorCorner_TopFloor.cpp">
      <Filter>Source Files\Prefabs\DecoratedRooms\2Door-Corner</Filter>
    </ClCompile>
    <ClCompile Include="Room_2DoorStraight_TopFloor.cpp">
      <Filter>Source Files\Prefabs\DecoratedRooms\2Door-Straight</Filter>
    </ClCompile>
    <ClCompile Include="Room_3Door_TopFloor.cpp">
      <Filter>Source Files\Prefabs\DecoratedRooms\3Door</Filter>
    </ClCompile>
    <ClCompile Include="TallPillar_Single_Prefab.cpp">
      <Filter>Source Files\Prefabs\Decorations\Pillars</Filter>
    </ClCompile>
    <ClCompile Include="ShortPillar_Full_Prefab.cpp">
      <Filter>Source Files\Prefabs\Decorations\Pillars</Filter>
    </ClCompile>
    <ClCompile Include="ShortPillar_Half_Prefab.cpp">
      <Filter>Source Files\Prefabs\Decorations\Pillars</Filter>
    </ClCompile>
    <ClCompile Include="ShortPillar_Quarter_Prefab.cpp">
      <Filter>Source Files\Prefabs\Decorations\Pillars</Filter>
    </ClCompile>
    <ClCompile Include="ShortPillar_Single_Prefab.cpp">
      <Filter>Source Files\Prefabs\Decorations\Pillars</Filter>
    </ClCompile>
    <ClCompile Include="TallPillar_Full_Prefab.cpp">
      <Filter>Source Files\Prefabs\Decorations\Pillars</Filter>
    </ClCompile>
    <ClCompile Include="TallPillar_Half_Prefab.cpp">
      <Filter>Source Files\Prefabs\Decorations\Pillars</Filter>
    </ClCompile>
    <ClCompile Include="TallPillar_Quarter_Prefab.cpp">
      <Filter>Source Files\Prefabs\Decorations\Pillars</Filter>
    </ClCompile>
    <ClCompile Include="TopFloor_Corner_Prefab.cpp">
      <Filter>Source Files\Prefabs\Decorations\Floors</Filter>
    </ClCompile>
    <ClCompile Include="TopFloor_Straight_Prefab.cpp">
      <Filter>Source Files\Prefabs\Decorations\Floors</Filter>
    </ClCompile>
    <ClCompile Include="GenerationData.cpp">
      <Filter>Source Files\Other\GameData</Filter>
    </ClCompile>
    <ClCompile Include="Directions.cpp">
      <Filter>Source Files\Other\GameData</Filter>
    </ClCompile>
    <ClCompile Include="TopFloorRoomFactory.cpp">
      <Filter>Source Files\Other\RoomFactories</Filter>
    </ClCompile>
    <ClCompile Include="NormalRoomFactory.cpp">
      <Filter>Source Files\Other\RoomFactories</Filter>
    </ClCompile>
    <ClCompile Include="RoomFactory.cpp">
      <Filter>Source Files\Other\RoomFactories</Filter>
    </ClCompile>
    <ClCompile Include="EntranceExitRoomFactory.cpp">
      <Filter>Source Files\Other\RoomFactories</Filter>
    </ClCompile>
    <ClCompile Include="TextRenderer.cpp">
      <Filter>Source Files\Components</Filter>
    </ClCompile>
    <ClCompile Include="MainMenuController.cpp">
      <Filter>Source Files\Components</Filter>
    </ClCompile>
    <ClCompile Include="TutorialScene.cpp">
      <Filter>Source Files\Scenes</Filter>
    </ClCompile>
    <ClCompile Include="Main.cpp">
      <Filter>Source Files</Filter>
    </ClCompile>
    <ClCompile Include="ImageRenderer.cpp">
      <Filter>Source Files\Components</Filter>
    </ClCompile>
    <ClCompile Include="Button.cpp">
      <Filter>Source Files\Components</Filter>
    </ClCompile>
  </ItemGroup>
  <ItemGroup>
    <ClInclude Include="MeshRenderer.h">
      <Filter>Header Files\Components</Filter>
    </ClInclude>
    <ClInclude Include="RigidBody.h">
      <Filter>Header Files\Components</Filter>
    </ClInclude>
    <ClInclude Include="PlayerController.h">
      <Filter>Header Files\Components</Filter>
    </ClInclude>
    <ClInclude Include="Component.h">
      <Filter>Header Files\Components</Filter>
    </ClInclude>
    <ClInclude Include="Camera.h">
      <Filter>Header Files\Engine</Filter>
    </ClInclude>
    <ClInclude Include="Entity.h">
      <Filter>Header Files\Engine</Filter>
    </ClInclude>
    <ClInclude Include="Input.h">
      <Filter>Header Files\Engine</Filter>
    </ClInclude>
    <ClInclude Include="InputState.h">
      <Filter>Header Files\Engine</Filter>
    </ClInclude>
    <ClInclude Include="Log.h">
      <Filter>Header Files\Engine</Filter>
    </ClInclude>
    <ClInclude Include="Mesh.h">
      <Filter>Header Files\Engine</Filter>
    </ClInclude>
    <ClInclude Include="Model.h">
      <Filter>Header Files\Engine</Filter>
    </ClInclude>
    <ClInclude Include="Physics.h">
      <Filter>Header Files\Engine</Filter>
    </ClInclude>
    <ClInclude Include="Quad.h">
      <Filter>Header Files\Engine</Filter>
    </ClInclude>
    <ClInclude Include="Resources.h">
      <Filter>Header Files\Engine</Filter>
    </ClInclude>
    <ClInclude Include="Shader.h">
      <Filter>Header Files\Engine</Filter>
    </ClInclude>
    <ClInclude Include="ShaderProgram.h">
      <Filter>Header Files\Engine</Filter>
    </ClInclude>
    <ClInclude Include="Texture.h">
      <Filter>Header Files\Engine</Filter>
    </ClInclude>
    <ClInclude Include="Transform.h">
      <Filter>Header Files\Engine</Filter>
    </ClInclude>
    <ClInclude Include="Vertex.h">
      <Filter>Header Files\Engine</Filter>
    </ClInclude>
    <ClInclude Include="pch.h">
      <Filter>Header Files</Filter>
    </ClInclude>
    <ClInclude Include="Common.h">
      <Filter>Header Files</Filter>
    </ClInclude>
    <ClInclude Include="Application.h">
      <Filter>Header Files</Filter>
    </ClInclude>
    <ClInclude Include="Scene.h">
      <Filter>Header Files\Scenes</Filter>
    </ClInclude>
    <ClInclude Include="SceneManager.h">
      <Filter>Header Files\Scenes</Filter>
    </ClInclude>
    <ClInclude Include="GameOverScene.h">
      <Filter>Header Files\Scenes</Filter>
    </ClInclude>
    <ClInclude Include="GameplayScene.h">
      <Filter>Header Files\Scenes</Filter>
    </ClInclude>
    <ClInclude Include="MainMenuScene.h">
      <Filter>Header Files\Scenes</Filter>
    </ClInclude>
    <ClInclude Include="TestComponent.h">
      <Filter>Header Files\Components</Filter>
    </ClInclude>
    <ClInclude Include="resource.h">
      <Filter>Header Files</Filter>
    </ClInclude>
    <ClInclude Include="Utility.h">
      <Filter>Header Files</Filter>
    </ClInclude>
    <ClInclude Include="BoxShape.h">
      <Filter>Header Files\Engine\Colliders</Filter>
    </ClInclude>
    <ClInclude Include="CapsuleShape.h">
      <Filter>Header Files\Engine\Colliders</Filter>
    </ClInclude>
    <ClInclude Include="CollisionShape.h">
      <Filter>Header Files\Engine\Colliders</Filter>
    </ClInclude>
    <ClInclude Include="CylinderShape.h">
      <Filter>Header Files\Engine\Colliders</Filter>
    </ClInclude>
    <ClInclude Include="SphereShape.h">
      <Filter>Header Files\Engine\Colliders</Filter>
    </ClInclude>
    <ClInclude Include="LevelManager.h">
      <Filter>Header Files\Components</Filter>
    </ClInclude>
    <ClInclude Include="LevelGenerator.h">
      <Filter>Header Files\Components</Filter>
    </ClInclude>
    <ClInclude Include="RoomPrefab_1Door.h">
      <Filter>Header Files\Prefabs\EmptyRooms</Filter>
    </ClInclude>
    <ClInclude Include="RoomPrefab_3Door.h">
      <Filter>Header Files\Prefabs\EmptyRooms</Filter>
    </ClInclude>
    <ClInclude Include="RoomPrefab_4Door.h">
      <Filter>Header Files\Prefabs\EmptyRooms</Filter>
    </ClInclude>
    <ClInclude Include="RoomPrefab_Corner.h">
      <Filter>Header Files\Prefabs\EmptyRooms</Filter>
    </ClInclude>
    <ClInclude Include="RoomPrefab_Straight.h">
      <Filter>Header Files\Prefabs\EmptyRooms</Filter>
    </ClInclude>
    <ClInclude Include="Room_1Door_Normal.h">
      <Filter>Header Files\Prefabs\DecoratedRooms\1Door</Filter>
    </ClInclude>
    <ClInclude Include="Room_2DoorCorner_Normal.h">
      <Filter>Header Files\Prefabs\DecoratedRooms\2Door-Corner</Filter>
    </ClInclude>
    <ClInclude Include="Room_2DoorStraight_Normal.h">
      <Filter>Header Files\Prefabs\DecoratedRooms\2Door-Straight</Filter>
    </ClInclude>
    <ClInclude Include="Room_3Door_Normal.h">
      <Filter>Header Files\Prefabs\DecoratedRooms\3Door</Filter>
    </ClInclude>
    <ClInclude Include="Room_4Door_Normal.h">
      <Filter>Header Files\Prefabs\DecoratedRooms\4Door</Filter>
    </ClInclude>
    <ClInclude Include="DoorPrefab.h">
      <Filter>Header Files\Prefabs\Other</Filter>
    </ClInclude>
    <ClInclude Include="InteractableObject.h">
      <Filter>Header Files\Components</Filter>
    </ClInclude>
    <ClInclude Include="InteractableDoor.h">
      <Filter>Header Files\Components</Filter>
    </ClInclude>
    <ClInclude Include="Room_2DoorCorner_TopFloor.h">
      <Filter>Header Files\Prefabs\DecoratedRooms\2Door-Corner</Filter>
    </ClInclude>
    <ClInclude Include="Room_2DoorStraight_TopFloor.h">
      <Filter>Header Files\Prefabs\DecoratedRooms\2Door-Straight</Filter>
    </ClInclude>
    <ClInclude Include="Room_3Door_TopFloor.h">
      <Filter>Header Files\Prefabs\DecoratedRooms\3Door</Filter>
    </ClInclude>
    <ClInclude Include="ShortPillar_Full_Prefab.h">
      <Filter>Header Files\Prefabs\Decorations\Pillars</Filter>
    </ClInclude>
    <ClInclude Include="ShortPillar_Half_Prefab.h">
      <Filter>Header Files\Prefabs\Decorations\Pillars</Filter>
    </ClInclude>
    <ClInclude Include="ShortPillar_Quarter_Prefab.h">
      <Filter>Header Files\Prefabs\Decorations\Pillars</Filter>
    </ClInclude>
    <ClInclude Include="ShortPillar_Single_Prefab.h">
      <Filter>Header Files\Prefabs\Decorations\Pillars</Filter>
    </ClInclude>
    <ClInclude Include="TallPillar_Full_Prefab.h">
      <Filter>Header Files\Prefabs\Decorations\Pillars</Filter>
    </ClInclude>
    <ClInclude Include="TallPillar_Half_Prefab.h">
      <Filter>Header Files\Prefabs\Decorations\Pillars</Filter>
    </ClInclude>
    <ClInclude Include="TallPillar_Quarter_Prefab.h">
      <Filter>Header Files\Prefabs\Decorations\Pillars</Filter>
    </ClInclude>
    <ClInclude Include="TallPillar_Single_Prefab.h">
      <Filter>Header Files\Prefabs\Decorations\Pillars</Filter>
    </ClInclude>
    <ClInclude Include="TopFloor_Corner_Prefab.h">
      <Filter>Header Files\Prefabs\Decorations\Floors</Filter>
    </ClInclude>
    <ClInclude Include="TopFloor_Straight_Prefab.h">
      <Filter>Header Files\Prefabs\Decorations\Floors</Filter>
    </ClInclude>
    <ClInclude Include="Directions.h">
      <Filter>Header Files\Other\GameData</Filter>
    </ClInclude>
    <ClInclude Include="GenerationData.h">
      <Filter>Header Files\Other\GameData</Filter>
    </ClInclude>
    <ClInclude Include="RoomTypes.h">
      <Filter>Header Files\Other\GameData</Filter>
    </ClInclude>
    <ClInclude Include="TopFloorRoomFactory.h">
      <Filter>Header Files\Other\RoomFactories</Filter>
    </ClInclude>
    <ClInclude Include="RoomFactory.h">
      <Filter>Header Files\Other\RoomFactories</Filter>
    </ClInclude>
    <ClInclude Include="NormalRoomFactory.h">
      <Filter>Header Files\Other\RoomFactories</Filter>
    </ClInclude>
    <ClInclude Include="EntranceExitRoomFactory.h">
      <Filter>Header Files\Other\RoomFactories</Filter>
    </ClInclude>
    <ClInclude Include="TextRenderer.h">
      <Filter>Header Files\Components</Filter>
    </ClInclude>
    <ClInclude Include="TutorialScene.h">
      <Filter>Header Files\Scenes</Filter>
    </ClInclude>
    <ClInclude Include="MainMenuController.h">
      <Filter>Header Files\Components</Filter>
    </ClInclude>
    <ClInclude Include="ImageRenderer.h">
      <Filter>Header Files\Components</Filter>
    </ClInclude>
    <ClInclude Include="Button.h">
      <Filter>Header Files\Components</Filter>
    </ClInclude>
  </ItemGroup>
  <ItemGroup>
    <ResourceCompile Include="GP3_Coursework.rc">
      <Filter>Resource Files</Filter>
    </ResourceCompile>
  </ItemGroup>
  <ItemGroup>
    <None Include="Assets\Shaders\simple_FRAG.glsl">
      <Filter>Resource Files\Shaders</Filter>
    </None>
    <None Include="Assets\Shaders\simple_VERT.glsl">
      <Filter>Resource Files\Shaders</Filter>
    </None>
    <None Include="Assets\Shaders\text_FRAG.glsl">
      <Filter>Resource Files\Shaders</Filter>
    </None>
    <None Include="Assets\Shaders\text_VERT.glsl">
      <Filter>Resource Files\Shaders</Filter>
    </None>
  </ItemGroup>
</Project>